<Solution>
  <Folder Name="/src/">
    <Project Path="src/WorldSeed.LlmIntegration/WorldSeed.LlmIntegration.csproj" />
    <Project Path="src/WorldSeed.RuleDrafting/WorldSeed.RuleDrafting.csproj" />
    <Project Path="src/WorldSeed.SchemaValidation/WorldSeed.SchemaValidation.csproj" />
  </Folder>
  <Folder Name="/tests/">
    <Project Path="tests/WorldSeed.LlmIntegration.Tests/WorldSeed.LlmIntegration.Tests.csproj" />
    <Project Path="tests/WorldSeed.RuleDrafting.Tests/WorldSeed.RuleDrafting.Tests.csproj" />
    <Project Path="tests/WorldSeed.SchemaValidation.Tests/WorldSeed.SchemaValidation.Tests.csproj" />
  </Folder>
</Solution>
