<Solution>
  <Folder Name="/src/">
    <Project Path="src/WorldSeed.App/WorldSeed.App.csproj" />
    <Project Path="src/WorldSeed.DesignSessions/WorldSeed.DesignSessions.csproj" />
    <Project Path="src/WorldSeed.LlmIntegration/WorldSeed.LlmIntegration.csproj" />
    <Project Path="src/WorldSeed.RuleDrafting/WorldSeed.RuleDrafting.csproj" />
    <Project Path="src/WorldSeed.SchemaValidation/WorldSeed.SchemaValidation.csproj" />
    <Project Path="src/WorldSeed.SchemaTranslation/WorldSeed.SchemaTranslation.csproj" />
  </Folder>
  <Folder Name="/tests/">
    <Project Path="tests/WorldSeed.DesignSessions.Tests/WorldSeed.DesignSessions.Tests.csproj" />
    <Project Path="tests/WorldSeed.LlmIntegration.Tests/WorldSeed.LlmIntegration.Tests.csproj" />
    <Project Path="tests/WorldSeed.RuleDrafting.Tests/WorldSeed.RuleDrafting.Tests.csproj" />
    <Project Path="tests/WorldSeed.SchemaValidation.Tests/WorldSeed.SchemaValidation.Tests.csproj" />
    <Project Path="tests/WorldSeed.SchemaTranslation.Tests/WorldSeed.SchemaTranslation.Tests.csproj" />
  </Folder>
  <Folder Name="/tools/">
    <Project Path="tools/WorldSeed.EndToEnd/WorldSeed.EndToEnd.csproj" />
  </Folder>
</Solution>
